
Microsoft Visual Studio Solution File, Format Version 12.00
# Visual Studio Version 17
VisualStudioVersion = 17.3.32901.215
MinimumVisualStudioVersion = 10.0.40219.1
Project("{9A19103F-16F7-4668-BE54-9A1E7A4F7556}") = "8.2_简单工厂.Console", "src\8.2_简单工厂.Console\8.2_简单工厂.Console.csproj", "{EAC7CED2-2C18-4227-93CC-9D532A6CC8D4}"
EndProject
Project("{FAE04EC0-301F-11D3-BF4B-00C04F79EFBC}") = "8.2_简单工厂.Interfaces", "src\8.2_简单工厂.Interfaces\8.2_简单工厂.Interfaces.csproj", "{13BC4DD6-FE35-4AC4-B7F9-2C5F2F19FE1A}"
EndProject
Project("{FAE04EC0-301F-11D3-BF4B-00C04F79EFBC}") = "8.2_简单工厂.Services", "src\8.2_简单工厂.Services\8.2_简单工厂.Services.csproj", "{10097F7D-F2B2-4B28-9F51-C6F84F97AEC0}"
EndProject
Global
	GlobalSection(SolutionConfigurationPlatforms) = preSolution
		Debug|Any CPU = Debug|Any CPU
		Release|Any CPU = Release|Any CPU
	EndGlobalSection
	GlobalSection(ProjectConfigurationPlatforms) = postSolution
		{EAC7CED2-2C18-4227-93CC-9D532A6CC8D4}.Debug|Any CPU.ActiveCfg = Debug|Any CPU
		{EAC7CED2-2C18-4227-93CC-9D532A6CC8D4}.Debug|Any CPU.Build.0 = Debug|Any CPU
		{EAC7CED2-2C18-4227-93CC-9D532A6CC8D4}.Release|Any CPU.ActiveCfg = Release|Any CPU
		{EAC7CED2-2C18-4227-93CC-9D532A6CC8D4}.Release|Any CPU.Build.0 = Release|Any CPU
		{13BC4DD6-FE35-4AC4-B7F9-2C5F2F19FE1A}.Debug|Any CPU.ActiveCfg = Debug|Any CPU
		{13BC4DD6-FE35-4AC4-B7F9-2C5F2F19FE1A}.Debug|Any CPU.Build.0 = Debug|Any CPU
		{13BC4DD6-FE35-4AC4-B7F9-2C5F2F19FE1A}.Release|Any CPU.ActiveCfg = Release|Any CPU
		{13BC4DD6-FE35-4AC4-B7F9-2C5F2F19FE1A}.Release|Any CPU.Build.0 = Release|Any CPU
		{10097F7D-F2B2-4B28-9F51-C6F84F97AEC0}.Debug|Any CPU.ActiveCfg = Debug|Any CPU
		{10097F7D-F2B2-4B28-9F51-C6F84F97AEC0}.Debug|Any CPU.Build.0 = Debug|Any CPU
		{10097F7D-F2B2-4B28-9F51-C6F84F97AEC0}.Release|Any CPU.ActiveCfg = Release|Any CPU
		{10097F7D-F2B2-4B28-9F51-C6F84F97AEC0}.Release|Any CPU.Build.0 = Release|Any CPU
	EndGlobalSection
	GlobalSection(SolutionProperties) = preSolution
		HideSolutionNode = FALSE
	EndGlobalSection
	GlobalSection(ExtensibilityGlobals) = postSolution
		SolutionGuid = {1355E9D3-BB82-4B3D-83DE-E0C88D761EC5}
	EndGlobalSection
EndGlobal
